
Microsoft Visual Studio Solution File, Format Version 12.00
# Visual Studio 15
VisualStudioVersion = 15.0.26919.1
MinimumVisualStudioVersion = 10.0.40219.1
Project("{FAE04EC0-301F-11D3-BF4B-00C04F79EFBC}") = "UnitTestProject1", "UnitTestProject1\UnitTestProject1.csproj", "{837EB359-57EC-4D9E-87A0-C4B012B248CA}"
EndProject
Project("{FAE04EC0-301F-11D3-BF4B-00C04F79EFBC}") = "AUnitTestProject", "AUnitTestProject\AUnitTestProject.csproj", "{DA659236-BF08-47B2-8F8F-338977843735}"
EndProject
Project("{FAE04EC0-301F-11D3-BF4B-00C04F79EFBC}") = "zUnitTestProject", "zUnitTestProject\zUnitTestProject.csproj", "{201D17F5-9B8E-4554-BA2B-478D9ECD5BD9}"
EndProject
Global
	GlobalSection(SolutionConfigurationPlatforms) = preSolution
		Debug|Any CPU = Debug|Any CPU
		Release|Any CPU = Release|Any CPU
	EndGlobalSection
	GlobalSection(ProjectConfigurationPlatforms) = postSolution
		{837EB359-57EC-4D9E-87A0-C4B012B248CA}.Debug|Any CPU.ActiveCfg = Debug|Any CPU
		{837EB359-57EC-4D9E-87A0-C4B012B248CA}.Debug|Any CPU.Build.0 = Debug|Any CPU
		{837EB359-57EC-4D9E-87A0-C4B012B248CA}.Release|Any CPU.ActiveCfg = Release|Any CPU
		{837EB359-57EC-4D9E-87A0-C4B012B248CA}.Release|Any CPU.Build.0 = Release|Any CPU
		{DA659236-BF08-47B2-8F8F-338977843735}.Debug|Any CPU.ActiveCfg = Debug|Any CPU
		{DA659236-BF08-47B2-8F8F-338977843735}.Debug|Any CPU.Build.0 = Debug|Any CPU
		{DA659236-BF08-47B2-8F8F-338977843735}.Release|Any CPU.ActiveCfg = Release|Any CPU
		{DA659236-BF08-47B2-8F8F-338977843735}.Release|Any CPU.Build.0 = Release|Any CPU
		{201D17F5-9B8E-4554-BA2B-478D9ECD5BD9}.Debug|Any CPU.ActiveCfg = Debug|Any CPU
		{201D17F5-9B8E-4554-BA2B-478D9ECD5BD9}.Debug|Any CPU.Build.0 = Debug|Any CPU
		{201D17F5-9B8E-4554-BA2B-478D9ECD5BD9}.Release|Any CPU.ActiveCfg = Release|Any CPU
		{201D17F5-9B8E-4554-BA2B-478D9ECD5BD9}.Release|Any CPU.Build.0 = Release|Any CPU
	EndGlobalSection
	GlobalSection(SolutionProperties) = preSolution
		HideSolutionNode = FALSE
	EndGlobalSection
	GlobalSection(ExtensibilityGlobals) = postSolution
		SolutionGuid = {D54761A0-49DB-4A7A-B3C6-BA19CC143793}
	EndGlobalSection
EndGlobal
